
Microsoft Visual Studio Solution File, Format Version 12.00
# Visual Studio Version 17
VisualStudioVersion = 17.0.32002.185
MinimumVisualStudioVersion = 10.0.40219.1
Project("{FAE04EC0-301F-11D3-BF4B-00C04F79EFBC}") = "ExFixacaoLista", "ExFixacaoLista\ExFixacaoLista.csproj", "{AB3EA360-3425-47CF-A8D4-FC1E55E79D84}"
EndProject
Global
	GlobalSection(SolutionConfigurationPlatforms) = preSolution
		Debug|Any CPU = Debug|Any CPU
		Release|Any CPU = Release|Any CPU
	EndGlobalSection
	GlobalSection(ProjectConfigurationPlatforms) = postSolution
		{AB3EA360-3425-47CF-A8D4-FC1E55E79D84}.Debug|Any CPU.ActiveCfg = Debug|Any CPU
		{AB3EA360-3425-47CF-A8D4-FC1E55E79D84}.Debug|Any CPU.Build.0 = Debug|Any CPU
		{AB3EA360-3425-47CF-A8D4-FC1E55E79D84}.Release|Any CPU.ActiveCfg = Release|Any CPU
		{AB3EA360-3425-47CF-A8D4-FC1E55E79D84}.Release|Any CPU.Build.0 = Release|Any CPU
	EndGlobalSection
	GlobalSection(SolutionProperties) = preSolution
		HideSolutionNode = FALSE
	EndGlobalSection
	GlobalSection(ExtensibilityGlobals) = postSolution
		SolutionGuid = {211A6826-D3E0-46FE-A996-3B106D5E911A}
	EndGlobalSection
EndGlobal
